
Microsoft Visual Studio Solution File, Format Version 12.00
# Visual Studio Version 17
VisualStudioVersion = 17.8.34330.188
MinimumVisualStudioVersion = 10.0.40219.1
Project("{FAE04EC0-301F-11D3-BF4B-00C04F79EFBC}") = "BilgeBlog.Data", "BilgeBlog.Data\BilgeBlog.Data.csproj", "{4FCA1F2E-6470-403A-801F-B5A56146DC75}"
EndProject
Project("{FAE04EC0-301F-11D3-BF4B-00C04F79EFBC}") = "BilgeBlog.Business", "BilgeBlog.Business\BilgeBlog.Business.csproj", "{EA6B97BE-E510-49FD-83D1-8C5874534285}"
EndProject
Project("{FAE04EC0-301F-11D3-BF4B-00C04F79EFBC}") = "BilgeBlog.WebUI", "BilgeBlog.WebUI\BilgeBlog.WebUI.csproj", "{C3D5D16D-FBC6-4CCA-8D2A-E6B72F2B23F1}"
EndProject
Global
	GlobalSection(SolutionConfigurationPlatforms) = preSolution
		Debug|Any CPU = Debug|Any CPU
		Release|Any CPU = Release|Any CPU
	EndGlobalSection
	GlobalSection(ProjectConfigurationPlatforms) = postSolution
		{4FCA1F2E-6470-403A-801F-B5A56146DC75}.Debug|Any CPU.ActiveCfg = Debug|Any CPU
		{4FCA1F2E-6470-403A-801F-B5A56146DC75}.Debug|Any CPU.Build.0 = Debug|Any CPU
		{4FCA1F2E-6470-403A-801F-B5A56146DC75}.Release|Any CPU.ActiveCfg = Release|Any CPU
		{4FCA1F2E-6470-403A-801F-B5A56146DC75}.Release|Any CPU.Build.0 = Release|Any CPU
		{EA6B97BE-E510-49FD-83D1-8C5874534285}.Debug|Any CPU.ActiveCfg = Debug|Any CPU
		{EA6B97BE-E510-49FD-83D1-8C5874534285}.Debug|Any CPU.Build.0 = Debug|Any CPU
		{EA6B97BE-E510-49FD-83D1-8C5874534285}.Release|Any CPU.ActiveCfg = Release|Any CPU
		{EA6B97BE-E510-49FD-83D1-8C5874534285}.Release|Any CPU.Build.0 = Release|Any CPU
		{C3D5D16D-FBC6-4CCA-8D2A-E6B72F2B23F1}.Debug|Any CPU.ActiveCfg = Debug|Any CPU
		{C3D5D16D-FBC6-4CCA-8D2A-E6B72F2B23F1}.Debug|Any CPU.Build.0 = Debug|Any CPU
		{C3D5D16D-FBC6-4CCA-8D2A-E6B72F2B23F1}.Release|Any CPU.ActiveCfg = Release|Any CPU
		{C3D5D16D-FBC6-4CCA-8D2A-E6B72F2B23F1}.Release|Any CPU.Build.0 = Release|Any CPU
	EndGlobalSection
	GlobalSection(SolutionProperties) = preSolution
		HideSolutionNode = FALSE
	EndGlobalSection
	GlobalSection(ExtensibilityGlobals) = postSolution
		SolutionGuid = {596C666A-3D52-4E07-B682-D890CA70727E}
	EndGlobalSection
EndGlobal
